{
  "name": "fastify-zero",
  "version": "1.0.0",
  "lockfileVersion": 3,
  "requires": true,
  "packages": {
    "": {
      "name": "fastify-zero",
      "version": "1.0.0",
      "license": "ISC",
      "dependencies": {
        "project-a": "./project-a",
        "project-b": "./project-b"
      }
    },
    "node_modules/project-a": {
      "resolved": "project-a",
      "link": true
    },
    "node_modules/project-b": {
      "resolved": "project-b",
      "link": true
    },
    "project-a": {},
    "project-b": {}
  }
}
